PODS:
  - AashuDubeyCapacitorStatusbarSafeArea (2.1.0):
    - Capacitor
  - Capacitor (5.0.3):
    - CapacitorCordova
  - CapacitorApp (5.0.2):
    - Capacitor
  - CapacitorCordova (5.0.3)
  - CapacitorHaptics (5.0.2):
    - Capacitor
  - CapacitorKeyboard (5.0.2):
    - Capacitor
  - CapacitorStatusBar (5.0.2):
    - Capacitor

DEPENDENCIES:
  - "AashuDubeyCapacitorStatusbarSafeArea (from `../../node_modules/@aashu-dubey/capacitor-statusbar-safe-area`)"
  - "Capacitor (from `../../node_modules/@capacitor/ios`)"
  - "CapacitorApp (from `../../node_modules/@capacitor/app`)"
  - "CapacitorCordova (from `../../node_modules/@capacitor/ios`)"
  - "CapacitorHaptics (from `../../node_modules/@capacitor/haptics`)"
  - "CapacitorKeyboard (from `../../node_modules/@capacitor/keyboard`)"
  - "CapacitorStatusBar (from `../../node_modules/@capacitor/status-bar`)"

EXTERNAL SOURCES:
  AashuDubeyCapacitorStatusbarSafeArea:
    :path: "../../node_modules/@aashu-dubey/capacitor-statusbar-safe-area"
  Capacitor:
    :path: "../../node_modules/@capacitor/ios"
  CapacitorApp:
    :path: "../../node_modules/@capacitor/app"
  CapacitorCordova:
    :path: "../../node_modules/@capacitor/ios"
  CapacitorHaptics:
    :path: "../../node_modules/@capacitor/haptics"
  CapacitorKeyboard:
    :path: "../../node_modules/@capacitor/keyboard"
  CapacitorStatusBar:
    :path: "../../node_modules/@capacitor/status-bar"

SPEC CHECKSUMS:
  AashuDubeyCapacitorStatusbarSafeArea: e6c776b7b5a19904ffd0748b87114c3f1bc7863e
  Capacitor: 304a960e431f9e6f78556554ca71c41c1b2b9680
  CapacitorApp: ff3f625ee3266e9e3f66a8900985920fa05bbf47
  CapacitorCordova: def732a63679698df6fb392bbe6d269a0b61e937
  CapacitorHaptics: d5e6ffa733d50c2ffcc79b191bf14547505744d4
  CapacitorKeyboard: 18b2e25f50503780d4454ff308d19533d459c2b8
  CapacitorStatusBar: 5d6e5b15d447d3d493b0b50ff32b58e551c7840f

PODFILE CHECKSUM: cc824c6ffe93d300cbd47f6cab933b50f19661bd

COCOAPODS: 1.12.1
