PODS:
  - AashuDubeyCapacitorStatusbarSafeArea (3.0.0):
    - Capacitor
  - Capacitor (6.1.0):
    - CapacitorCordova
  - CapacitorApp (6.0.0):
    - Capacitor
  - CapacitorCordova (6.1.0)
  - CapacitorHaptics (6.0.0):
    - Capacitor
  - CapacitorKeyboard (6.0.0):
    - Capacitor
  - CapacitorStatusBar (6.0.0):
    - Capacitor

DEPENDENCIES:
  - "AashuDubeyCapacitorStatusbarSafeArea (from `../../node_modules/@aashu-dubey/capacitor-statusbar-safe-area`)"
  - "Capacitor (from `../../node_modules/@capacitor/ios`)"
  - "CapacitorApp (from `../../node_modules/@capacitor/app`)"
  - "CapacitorCordova (from `../../node_modules/@capacitor/ios`)"
  - "CapacitorHaptics (from `../../node_modules/@capacitor/haptics`)"
  - "CapacitorKeyboard (from `../../node_modules/@capacitor/keyboard`)"
  - "CapacitorStatusBar (from `../../node_modules/@capacitor/status-bar`)"

EXTERNAL SOURCES:
  AashuDubeyCapacitorStatusbarSafeArea:
    :path: "../../node_modules/@aashu-dubey/capacitor-statusbar-safe-area"
  Capacitor:
    :path: "../../node_modules/@capacitor/ios"
  CapacitorApp:
    :path: "../../node_modules/@capacitor/app"
  CapacitorCordova:
    :path: "../../node_modules/@capacitor/ios"
  CapacitorHaptics:
    :path: "../../node_modules/@capacitor/haptics"
  CapacitorKeyboard:
    :path: "../../node_modules/@capacitor/keyboard"
  CapacitorStatusBar:
    :path: "../../node_modules/@capacitor/status-bar"

SPEC CHECKSUMS:
  AashuDubeyCapacitorStatusbarSafeArea: b32e282503c277e7e6bd2b030feef16658476b5b
  Capacitor: 187bd7847b6f71467015a20200a1a071be3e5f14
  CapacitorApp: 9d53aec7101f7b030a950c5bdc4df8612576b279
  CapacitorCordova: be703980ca797f847c3356f78fa175d21c8330c2
  CapacitorHaptics: 9ebc9363f0e9b8eb4295088a0b474530acf1859b
  CapacitorKeyboard: deacbd09d8d1029c3681197fb05d206b721d5f73
  CapacitorStatusBar: 2e4369f99166125435641b1908d05f561eaba6f6

PODFILE CHECKSUM: cc824c6ffe93d300cbd47f6cab933b50f19661bd

COCOAPODS: 1.15.2
